// !$*UTF8*$!
{
	archiveVersion = 1;
	classes = {
	};
	objectVersion = 51;
	objects = {

/* Begin PBXBuildFile section */
		0E04FEA625DE8F2C004067C7 /* AppDelegate.swift in Sources */ = {isa = PBXBuildFile; fileRef = 0E04FEA525DE8F2C004067C7 /* AppDelegate.swift */; };
		0E04FEA825DE8F2C004067C7 /* SceneDelegate.swift in Sources */ = {isa = PBXBuildFile; fileRef = 0E04FEA725DE8F2C004067C7 /* SceneDelegate.swift */; };
		0E04FEAF25DE8F2D004067C7 /* Assets.xcassets in Resources */ = {isa = PBXBuildFile; fileRef = 0E04FEAE25DE8F2D004067C7 /* Assets.xcassets */; };
		0E04FEB225DE8F2D004067C7 /* LaunchScreen.storyboard in Resources */ = {isa = PBXBuildFile; fileRef = 0E04FEB025DE8F2D004067C7 /* LaunchScreen.storyboard */; };
		0E04FEBD25DE8F2E004067C7 /* tm_ios_libraryTests.swift in Sources */ = {isa = PBXBuildFile; fileRef = 0E04FEBC25DE8F2E004067C7 /* tm_ios_libraryTests.swift */; };
		0E04FEC825DE8F2E004067C7 /* tm_ios_libraryUITests.swift in Sources */ = {isa = PBXBuildFile; fileRef = 0E04FEC725DE8F2E004067C7 /* tm_ios_libraryUITests.swift */; };
		0E04FEE025DE8FAE004067C7 /* WeatherViewModel.swift in Sources */ = {isa = PBXBuildFile; fileRef = 0E04FEDC25DE8FAE004067C7 /* WeatherViewModel.swift */; };
		0E04FEE125DE8FAE004067C7 /* WeatherView.swift in Sources */ = {isa = PBXBuildFile; fileRef = 0E04FEDD25DE8FAE004067C7 /* WeatherView.swift */; };
		0E04FEE225DE8FAE004067C7 /* WeatherService.swift in Sources */ = {isa = PBXBuildFile; fileRef = 0E04FEDE25DE8FAE004067C7 /* WeatherService.swift */; };
		0E04FEE325DE8FAE004067C7 /* Weather.swift in Sources */ = {isa = PBXBuildFile; fileRef = 0E04FEDF25DE8FAE004067C7 /* Weather.swift */; };
		0E04FEE825DE8FBB004067C7 /* Const.swift in Sources */ = {isa = PBXBuildFile; fileRef = 0E04FEE725DE8FBB004067C7 /* Const.swift */; };
		0E23A47626215EE700CEEA01 /* SampleFlexibleHeightImageViewController.swift in Sources */ = {isa = PBXBuildFile; fileRef = 0E23A47526215EE700CEEA01 /* SampleFlexibleHeightImageViewController.swift */; };
		0E23A48126215F2D00CEEA01 /* FlexibleHeightImageView.swift in Sources */ = {isa = PBXBuildFile; fileRef = 0E23A48026215F2D00CEEA01 /* FlexibleHeightImageView.swift */; };
		0E23A486262171BD00CEEA01 /* SampleFlexibleHeightImageViewController.storyboard in Resources */ = {isa = PBXBuildFile; fileRef = 0E23A485262171BD00CEEA01 /* SampleFlexibleHeightImageViewController.storyboard */; };
		0E256CBF2627388B00847BF6 /* SampleFABViewController.swift in Sources */ = {isa = PBXBuildFile; fileRef = 0E256CBE2627388B00847BF6 /* SampleFABViewController.swift */; };
		0E256CC7262738F300847BF6 /* SimpleFloatingActionButton.swift in Sources */ = {isa = PBXBuildFile; fileRef = 0E256CC6262738F300847BF6 /* SimpleFloatingActionButton.swift */; };
		0E256CCD26273A6000847BF6 /* UIColor.swift in Sources */ = {isa = PBXBuildFile; fileRef = 0E256CCC26273A6000847BF6 /* UIColor.swift */; };
		0E2758FF262BFFD0000DF85F /* SampleSUSimpleFloatingActionButton.swift in Sources */ = {isa = PBXBuildFile; fileRef = 0E2758FE262BFFD0000DF85F /* SampleSUSimpleFloatingActionButton.swift */; };
		0E275900262BFFD0000DF85F /* SampleSUSimpleFloatingActionButton.swift in Sources */ = {isa = PBXBuildFile; fileRef = 0E2758FE262BFFD0000DF85F /* SampleSUSimpleFloatingActionButton.swift */; };
		0E275901262BFFD0000DF85F /* SampleSUSimpleFloatingActionButton.swift in Sources */ = {isa = PBXBuildFile; fileRef = 0E2758FE262BFFD0000DF85F /* SampleSUSimpleFloatingActionButton.swift */; };
		0E275906262C0890000DF85F /* SUColor.swift in Sources */ = {isa = PBXBuildFile; fileRef = 0E275905262C0890000DF85F /* SUColor.swift */; };
		0E275907262C0890000DF85F /* SUColor.swift in Sources */ = {isa = PBXBuildFile; fileRef = 0E275905262C0890000DF85F /* SUColor.swift */; };
		0E275908262C0890000DF85F /* SUColor.swift in Sources */ = {isa = PBXBuildFile; fileRef = 0E275905262C0890000DF85F /* SUColor.swift */; };
		0E422C0E25EBB4610039D45A /* TestScrollView.swift in Sources */ = {isa = PBXBuildFile; fileRef = 0E422C0D25EBB4610039D45A /* TestScrollView.swift */; };
		0E422C1925ECA62D0039D45A /* TestCropViewController.storyboard in Resources */ = {isa = PBXBuildFile; fileRef = 0E422C1825ECA62D0039D45A /* TestCropViewController.storyboard */; };
		0E422C1E25ECBD200039D45A /* TestCropViewController.swift in Sources */ = {isa = PBXBuildFile; fileRef = 0E422C1D25ECBD200039D45A /* TestCropViewController.swift */; };
		0E422C2625ECC5EC0039D45A /* ImageCropHndler.swift in Sources */ = {isa = PBXBuildFile; fileRef = 0E422C2525ECC5EC0039D45A /* ImageCropHndler.swift */; };
		0E422C2C25ECDE6D0039D45A /* CropAreaView.swift in Sources */ = {isa = PBXBuildFile; fileRef = 0E422C2B25ECDE6D0039D45A /* CropAreaView.swift */; };
		0E422C3125ED010E0039D45A /* DisplayViewController.swift in Sources */ = {isa = PBXBuildFile; fileRef = 0E422C3025ED010E0039D45A /* DisplayViewController.swift */; };
		0E422C3725EE6BB50039D45A /* ImagePickerViewController.swift in Sources */ = {isa = PBXBuildFile; fileRef = 0E422C3625EE6BB50039D45A /* ImagePickerViewController.swift */; };
		0E8A0AFD25E13A92007A5523 /* TestImagePickerViewController.swift in Sources */ = {isa = PBXBuildFile; fileRef = 0E8A0AFC25E13A92007A5523 /* TestImagePickerViewController.swift */; };
		0E8A0B1525E14613007A5523 /* SecondViewController.swift in Sources */ = {isa = PBXBuildFile; fileRef = 0E8A0B1425E14613007A5523 /* SecondViewController.swift */; };
		0E8A0B1A25E219FA007A5523 /* TestImagesViewController.swift in Sources */ = {isa = PBXBuildFile; fileRef = 0E8A0B1925E219FA007A5523 /* TestImagesViewController.swift */; };
		0E8A0B1F25E21A20007A5523 /* TestImagesViewController.storyboard in Resources */ = {isa = PBXBuildFile; fileRef = 0E8A0B1E25E21A20007A5523 /* TestImagesViewController.storyboard */; };
		0EADC99925E2507A0086F707 /* TestPhotoPickerConfig.swift in Sources */ = {isa = PBXBuildFile; fileRef = 0EADC99825E250790086F707 /* TestPhotoPickerConfig.swift */; };
		0EADCA1B25E541E40086F707 /* TestHelper.swift in Sources */ = {isa = PBXBuildFile; fileRef = 0EADCA1A25E541E40086F707 /* TestHelper.swift */; };
		0EAE6D7925E21FA5002DD870 /* TestPhotoPickerImageCollectionViewLayout.swift in Sources */ = {isa = PBXBuildFile; fileRef = 0EAE6D7825E21FA5002DD870 /* TestPhotoPickerImageCollectionViewLayout.swift */; };
		0EAE6D7E25E221A4002DD870 /* TestPhotoPickerImageCollectionViewCell.swift in Sources */ = {isa = PBXBuildFile; fileRef = 0EAE6D7D25E221A4002DD870 /* TestPhotoPickerImageCollectionViewCell.swift */; };
		0EAE6D8325E22BA5002DD870 /* PhotoDataSource.swift in Sources */ = {isa = PBXBuildFile; fileRef = 0EAE6D8225E22BA5002DD870 /* PhotoDataSource.swift */; };
		0EC0FEF32619B3FB0011B8AD /* PlaceholderTextview.swift in Sources */ = {isa = PBXBuildFile; fileRef = 0EC0FEF22619B3FB0011B8AD /* PlaceholderTextview.swift */; };
		0EC0FEFB2619DC220011B8AD /* SamplePlaceholderTextViewViewController.swift in Sources */ = {isa = PBXBuildFile; fileRef = 0EC0FEFA2619DC220011B8AD /* SamplePlaceholderTextViewViewController.swift */; };
		0EC0FF002619DC7C0011B8AD /* SamplePlaceholderTextViewViewController.storyboard in Resources */ = {isa = PBXBuildFile; fileRef = 0EC0FEFF2619DC7C0011B8AD /* SamplePlaceholderTextViewViewController.storyboard */; };
		0ECD13F1265B6FB80011E2D9 /* SimpleFloatingActionButtonDelegate.swift in Sources */ = {isa = PBXBuildFile; fileRef = 0ECD13F0265B6FB80011E2D9 /* SimpleFloatingActionButtonDelegate.swift */; };
		0ECD13F3265B71FC0011E2D9 /* SimpleFloatingActionButtonItem.swift in Sources */ = {isa = PBXBuildFile; fileRef = 0ECD13F2265B71FC0011E2D9 /* SimpleFloatingActionButtonItem.swift */; };
		0EE554E925EFC24B00644631 /* ImagePickerCollectionViewCell.swift in Sources */ = {isa = PBXBuildFile; fileRef = 0EE554E825EFC24B00644631 /* ImagePickerCollectionViewCell.swift */; };
		0EE554EE25F10DF000644631 /* ImagePickerPhotoAsset.swift in Sources */ = {isa = PBXBuildFile; fileRef = 0EE554ED25F10DF000644631 /* ImagePickerPhotoAsset.swift */; };
		57D6D7558F577FAC6C1DF856 /* Pods_tm_ios_libraryTests.framework in Frameworks */ = {isa = PBXBuildFile; fileRef = 5C2D9E22BBC35A661EFB7532 /* Pods_tm_ios_libraryTests.framework */; };
		84DD9C0DD9B65041311A0743 /* Pods_tm_ios_library.framework in Frameworks */ = {isa = PBXBuildFile; fileRef = 12E79107BB12DC27BE36C125 /* Pods_tm_ios_library.framework */; };
		A97944183BFA20156D7BC0D9 /* Pods_tm_ios_library_tm_ios_libraryUITests.framework in Frameworks */ = {isa = PBXBuildFile; fileRef = 99A8DD53E58EDF971B52F652 /* Pods_tm_ios_library_tm_ios_libraryUITests.framework */; };
/* End PBXBuildFile section */

/* Begin PBXContainerItemProxy section */
		0E04FEB925DE8F2E004067C7 /* PBXContainerItemProxy */ = {
			isa = PBXContainerItemProxy;
			containerPortal = 0E04FE9A25DE8F2C004067C7 /* Project object */;
			proxyType = 1;
			remoteGlobalIDString = 0E04FEA125DE8F2C004067C7;
			remoteInfo = tm_ios_library;
		};
		0E04FEC425DE8F2E004067C7 /* PBXContainerItemProxy */ = {
			isa = PBXContainerItemProxy;
			containerPortal = 0E04FE9A25DE8F2C004067C7 /* Project object */;
			proxyType = 1;
			remoteGlobalIDString = 0E04FEA125DE8F2C004067C7;
			remoteInfo = tm_ios_library;
		};
/* End PBXContainerItemProxy section */

/* Begin PBXFileReference section */
		0E04FEA225DE8F2C004067C7 /* tm_ios_library.app */ = {isa = PBXFileReference; explicitFileType = wrapper.application; includeInIndex = 0; path = tm_ios_library.app; sourceTree = BUILT_PRODUCTS_DIR; };
		0E04FEA525DE8F2C004067C7 /* AppDelegate.swift */ = {isa = PBXFileReference; lastKnownFileType = sourcecode.swift; path = AppDelegate.swift; sourceTree = "<group>"; };
		0E04FEA725DE8F2C004067C7 /* SceneDelegate.swift */ = {isa = PBXFileReference; lastKnownFileType = sourcecode.swift; path = SceneDelegate.swift; sourceTree = "<group>"; };
		0E04FEAE25DE8F2D004067C7 /* Assets.xcassets */ = {isa = PBXFileReference; lastKnownFileType = folder.assetcatalog; path = Assets.xcassets; sourceTree = "<group>"; };
		0E04FEB125DE8F2D004067C7 /* Base */ = {isa = PBXFileReference; lastKnownFileType = file.storyboard; name = Base; path = Base.lproj/LaunchScreen.storyboard; sourceTree = "<group>"; };
		0E04FEB325DE8F2D004067C7 /* Info.plist */ = {isa = PBXFileReference; lastKnownFileType = text.plist.xml; path = Info.plist; sourceTree = "<group>"; };
		0E04FEB825DE8F2E004067C7 /* tm_ios_libraryTests.xctest */ = {isa = PBXFileReference; explicitFileType = wrapper.cfbundle; includeInIndex = 0; path = tm_ios_libraryTests.xctest; sourceTree = BUILT_PRODUCTS_DIR; };
		0E04FEBC25DE8F2E004067C7 /* tm_ios_libraryTests.swift */ = {isa = PBXFileReference; lastKnownFileType = sourcecode.swift; path = tm_ios_libraryTests.swift; sourceTree = "<group>"; };
		0E04FEBE25DE8F2E004067C7 /* Info.plist */ = {isa = PBXFileReference; lastKnownFileType = text.plist.xml; path = Info.plist; sourceTree = "<group>"; };
		0E04FEC325DE8F2E004067C7 /* tm_ios_libraryUITests.xctest */ = {isa = PBXFileReference; explicitFileType = wrapper.cfbundle; includeInIndex = 0; path = tm_ios_libraryUITests.xctest; sourceTree = BUILT_PRODUCTS_DIR; };
		0E04FEC725DE8F2E004067C7 /* tm_ios_libraryUITests.swift */ = {isa = PBXFileReference; lastKnownFileType = sourcecode.swift; path = tm_ios_libraryUITests.swift; sourceTree = "<group>"; };
		0E04FEC925DE8F2E004067C7 /* Info.plist */ = {isa = PBXFileReference; lastKnownFileType = text.plist.xml; path = Info.plist; sourceTree = "<group>"; };
		0E04FEDC25DE8FAE004067C7 /* WeatherViewModel.swift */ = {isa = PBXFileReference; fileEncoding = 4; lastKnownFileType = sourcecode.swift; path = WeatherViewModel.swift; sourceTree = "<group>"; };
		0E04FEDD25DE8FAE004067C7 /* WeatherView.swift */ = {isa = PBXFileReference; fileEncoding = 4; lastKnownFileType = sourcecode.swift; path = WeatherView.swift; sourceTree = "<group>"; };
		0E04FEDE25DE8FAE004067C7 /* WeatherService.swift */ = {isa = PBXFileReference; fileEncoding = 4; lastKnownFileType = sourcecode.swift; path = WeatherService.swift; sourceTree = "<group>"; };
		0E04FEDF25DE8FAE004067C7 /* Weather.swift */ = {isa = PBXFileReference; fileEncoding = 4; lastKnownFileType = sourcecode.swift; path = Weather.swift; sourceTree = "<group>"; };
		0E04FEE725DE8FBB004067C7 /* Const.swift */ = {isa = PBXFileReference; fileEncoding = 4; lastKnownFileType = sourcecode.swift; path = Const.swift; sourceTree = "<group>"; };
		0E23A47526215EE700CEEA01 /* SampleFlexibleHeightImageViewController.swift */ = {isa = PBXFileReference; lastKnownFileType = sourcecode.swift; path = SampleFlexibleHeightImageViewController.swift; sourceTree = "<group>"; };
		0E23A48026215F2D00CEEA01 /* FlexibleHeightImageView.swift */ = {isa = PBXFileReference; lastKnownFileType = sourcecode.swift; path = FlexibleHeightImageView.swift; sourceTree = "<group>"; };
		0E23A485262171BD00CEEA01 /* SampleFlexibleHeightImageViewController.storyboard */ = {isa = PBXFileReference; lastKnownFileType = file.storyboard; path = SampleFlexibleHeightImageViewController.storyboard; sourceTree = "<group>"; };
		0E256CBE2627388B00847BF6 /* SampleFABViewController.swift */ = {isa = PBXFileReference; lastKnownFileType = sourcecode.swift; path = SampleFABViewController.swift; sourceTree = "<group>"; };
		0E256CC6262738F300847BF6 /* SimpleFloatingActionButton.swift */ = {isa = PBXFileReference; lastKnownFileType = sourcecode.swift; path = SimpleFloatingActionButton.swift; sourceTree = "<group>"; };
		0E256CCC26273A6000847BF6 /* UIColor.swift */ = {isa = PBXFileReference; lastKnownFileType = sourcecode.swift; path = UIColor.swift; sourceTree = "<group>"; };
		0E2758FE262BFFD0000DF85F /* SampleSUSimpleFloatingActionButton.swift */ = {isa = PBXFileReference; lastKnownFileType = sourcecode.swift; path = SampleSUSimpleFloatingActionButton.swift; sourceTree = "<group>"; };
		0E275905262C0890000DF85F /* SUColor.swift */ = {isa = PBXFileReference; lastKnownFileType = sourcecode.swift; path = SUColor.swift; sourceTree = "<group>"; };
		0E422C0D25EBB4610039D45A /* TestScrollView.swift */ = {isa = PBXFileReference; lastKnownFileType = sourcecode.swift; path = TestScrollView.swift; sourceTree = "<group>"; };
		0E422C1825ECA62D0039D45A /* TestCropViewController.storyboard */ = {isa = PBXFileReference; lastKnownFileType = file.storyboard; path = TestCropViewController.storyboard; sourceTree = "<group>"; };
		0E422C1D25ECBD200039D45A /* TestCropViewController.swift */ = {isa = PBXFileReference; lastKnownFileType = sourcecode.swift; path = TestCropViewController.swift; sourceTree = "<group>"; };
		0E422C2525ECC5EC0039D45A /* ImageCropHndler.swift */ = {isa = PBXFileReference; lastKnownFileType = sourcecode.swift; path = ImageCropHndler.swift; sourceTree = "<group>"; };
		0E422C2B25ECDE6D0039D45A /* CropAreaView.swift */ = {isa = PBXFileReference; lastKnownFileType = sourcecode.swift; path = CropAreaView.swift; sourceTree = "<group>"; };
		0E422C3025ED010E0039D45A /* DisplayViewController.swift */ = {isa = PBXFileReference; lastKnownFileType = sourcecode.swift; path = DisplayViewController.swift; sourceTree = "<group>"; };
		0E422C3625EE6BB50039D45A /* ImagePickerViewController.swift */ = {isa = PBXFileReference; lastKnownFileType = sourcecode.swift; path = ImagePickerViewController.swift; sourceTree = "<group>"; };
		0E8A0AFC25E13A92007A5523 /* TestImagePickerViewController.swift */ = {isa = PBXFileReference; lastKnownFileType = sourcecode.swift; path = TestImagePickerViewController.swift; sourceTree = "<group>"; };
		0E8A0B1425E14613007A5523 /* SecondViewController.swift */ = {isa = PBXFileReference; lastKnownFileType = sourcecode.swift; path = SecondViewController.swift; sourceTree = "<group>"; };
		0E8A0B1925E219FA007A5523 /* TestImagesViewController.swift */ = {isa = PBXFileReference; lastKnownFileType = sourcecode.swift; path = TestImagesViewController.swift; sourceTree = "<group>"; };
		0E8A0B1E25E21A20007A5523 /* TestImagesViewController.storyboard */ = {isa = PBXFileReference; lastKnownFileType = file.storyboard; path = TestImagesViewController.storyboard; sourceTree = "<group>"; };
		0EADC99825E250790086F707 /* TestPhotoPickerConfig.swift */ = {isa = PBXFileReference; lastKnownFileType = sourcecode.swift; path = TestPhotoPickerConfig.swift; sourceTree = "<group>"; };
		0EADCA1A25E541E40086F707 /* TestHelper.swift */ = {isa = PBXFileReference; lastKnownFileType = sourcecode.swift; path = TestHelper.swift; sourceTree = "<group>"; };
		0EAE6D7825E21FA5002DD870 /* TestPhotoPickerImageCollectionViewLayout.swift */ = {isa = PBXFileReference; lastKnownFileType = sourcecode.swift; path = TestPhotoPickerImageCollectionViewLayout.swift; sourceTree = "<group>"; };
		0EAE6D7D25E221A4002DD870 /* TestPhotoPickerImageCollectionViewCell.swift */ = {isa = PBXFileReference; lastKnownFileType = sourcecode.swift; path = TestPhotoPickerImageCollectionViewCell.swift; sourceTree = "<group>"; };
		0EAE6D8225E22BA5002DD870 /* PhotoDataSource.swift */ = {isa = PBXFileReference; lastKnownFileType = sourcecode.swift; path = PhotoDataSource.swift; sourceTree = "<group>"; };
		0EC0FEF22619B3FB0011B8AD /* PlaceholderTextview.swift */ = {isa = PBXFileReference; lastKnownFileType = sourcecode.swift; path = PlaceholderTextview.swift; sourceTree = "<group>"; };
		0EC0FEFA2619DC220011B8AD /* SamplePlaceholderTextViewViewController.swift */ = {isa = PBXFileReference; lastKnownFileType = sourcecode.swift; path = SamplePlaceholderTextViewViewController.swift; sourceTree = "<group>"; };
		0EC0FEFF2619DC7C0011B8AD /* SamplePlaceholderTextViewViewController.storyboard */ = {isa = PBXFileReference; lastKnownFileType = file.storyboard; path = SamplePlaceholderTextViewViewController.storyboard; sourceTree = "<group>"; };
		0ECD13F0265B6FB80011E2D9 /* SimpleFloatingActionButtonDelegate.swift */ = {isa = PBXFileReference; lastKnownFileType = sourcecode.swift; path = SimpleFloatingActionButtonDelegate.swift; sourceTree = "<group>"; };
		0ECD13F2265B71FC0011E2D9 /* SimpleFloatingActionButtonItem.swift */ = {isa = PBXFileReference; lastKnownFileType = sourcecode.swift; path = SimpleFloatingActionButtonItem.swift; sourceTree = "<group>"; };
		0EE554E825EFC24B00644631 /* ImagePickerCollectionViewCell.swift */ = {isa = PBXFileReference; lastKnownFileType = sourcecode.swift; path = ImagePickerCollectionViewCell.swift; sourceTree = "<group>"; };
		0EE554ED25F10DF000644631 /* ImagePickerPhotoAsset.swift */ = {isa = PBXFileReference; lastKnownFileType = sourcecode.swift; path = ImagePickerPhotoAsset.swift; sourceTree = "<group>"; };
		12E79107BB12DC27BE36C125 /* Pods_tm_ios_library.framework */ = {isa = PBXFileReference; explicitFileType = wrapper.framework; includeInIndex = 0; path = Pods_tm_ios_library.framework; sourceTree = BUILT_PRODUCTS_DIR; };
		15515A21EF74C2413D44DF69 /* Pods-tm_ios_library-tm_ios_libraryUITests.release.xcconfig */ = {isa = PBXFileReference; includeInIndex = 1; lastKnownFileType = text.xcconfig; name = "Pods-tm_ios_library-tm_ios_libraryUITests.release.xcconfig"; path = "Target Support Files/Pods-tm_ios_library-tm_ios_libraryUITests/Pods-tm_ios_library-tm_ios_libraryUITests.release.xcconfig"; sourceTree = "<group>"; };
		1FFE071F4DB52BD178063214 /* Pods-tm_ios_library.debug.xcconfig */ = {isa = PBXFileReference; includeInIndex = 1; lastKnownFileType = text.xcconfig; name = "Pods-tm_ios_library.debug.xcconfig"; path = "Target Support Files/Pods-tm_ios_library/Pods-tm_ios_library.debug.xcconfig"; sourceTree = "<group>"; };
		376B6182998462F91C0FAC16 /* Pods-tm_ios_libraryTests.release.xcconfig */ = {isa = PBXFileReference; includeInIndex = 1; lastKnownFileType = text.xcconfig; name = "Pods-tm_ios_libraryTests.release.xcconfig"; path = "Target Support Files/Pods-tm_ios_libraryTests/Pods-tm_ios_libraryTests.release.xcconfig"; sourceTree = "<group>"; };
		5C2D9E22BBC35A661EFB7532 /* Pods_tm_ios_libraryTests.framework */ = {isa = PBXFileReference; explicitFileType = wrapper.framework; includeInIndex = 0; path = Pods_tm_ios_libraryTests.framework; sourceTree = BUILT_PRODUCTS_DIR; };
		8B5FC12A4880B624481E73D7 /* Pods-tm_ios_library-tm_ios_libraryUITests.debug.xcconfig */ = {isa = PBXFileReference; includeInIndex = 1; lastKnownFileType = text.xcconfig; name = "Pods-tm_ios_library-tm_ios_libraryUITests.debug.xcconfig"; path = "Target Support Files/Pods-tm_ios_library-tm_ios_libraryUITests/Pods-tm_ios_library-tm_ios_libraryUITests.debug.xcconfig"; sourceTree = "<group>"; };
		99A8DD53E58EDF971B52F652 /* Pods_tm_ios_library_tm_ios_libraryUITests.framework */ = {isa = PBXFileReference; explicitFileType = wrapper.framework; includeInIndex = 0; path = Pods_tm_ios_library_tm_ios_libraryUITests.framework; sourceTree = BUILT_PRODUCTS_DIR; };
		ACA9460C3FA2DE9C75633EA8 /* Pods-tm_ios_libraryTests.debug.xcconfig */ = {isa = PBXFileReference; includeInIndex = 1; lastKnownFileType = text.xcconfig; name = "Pods-tm_ios_libraryTests.debug.xcconfig"; path = "Target Support Files/Pods-tm_ios_libraryTests/Pods-tm_ios_libraryTests.debug.xcconfig"; sourceTree = "<group>"; };
		E3B0CC39664809CC896AE258 /* Pods-tm_ios_library.release.xcconfig */ = {isa = PBXFileReference; includeInIndex = 1; lastKnownFileType = text.xcconfig; name = "Pods-tm_ios_library.release.xcconfig"; path = "Target Support Files/Pods-tm_ios_library/Pods-tm_ios_library.release.xcconfig"; sourceTree = "<group>"; };
/* End PBXFileReference section */

/* Begin PBXFrameworksBuildPhase section */
		0E04FE9F25DE8F2C004067C7 /* Frameworks */ = {
			isa = PBXFrameworksBuildPhase;
			buildActionMask = 2147483647;
			files = (
				84DD9C0DD9B65041311A0743 /* Pods_tm_ios_library.framework in Frameworks */,
			);
			runOnlyForDeploymentPostprocessing = 0;
		};
		0E04FEB525DE8F2E004067C7 /* Frameworks */ = {
			isa = PBXFrameworksBuildPhase;
			buildActionMask = 2147483647;
			files = (
				57D6D7558F577FAC6C1DF856 /* Pods_tm_ios_libraryTests.framework in Frameworks */,
			);
			runOnlyForDeploymentPostprocessing = 0;
		};
		0E04FEC025DE8F2E004067C7 /* Frameworks */ = {
			isa = PBXFrameworksBuildPhase;
			buildActionMask = 2147483647;
			files = (
				A97944183BFA20156D7BC0D9 /* Pods_tm_ios_library_tm_ios_libraryUITests.framework in Frameworks */,
			);
			runOnlyForDeploymentPostprocessing = 0;
		};
/* End PBXFrameworksBuildPhase section */

/* Begin PBXGroup section */
		0E04FE9925DE8F2C004067C7 = {
			isa = PBXGroup;
			children = (
				0E04FEA425DE8F2C004067C7 /* tm_ios_library */,
				0E04FEBB25DE8F2E004067C7 /* tm_ios_libraryTests */,
				0E04FEC625DE8F2E004067C7 /* tm_ios_libraryUITests */,
				0E04FEA325DE8F2C004067C7 /* Products */,
				1AE885819A4EA9609A146F59 /* Pods */,
				3711F63D8D6969742A80AB18 /* Frameworks */,
			);
			sourceTree = "<group>";
		};
		0E04FEA325DE8F2C004067C7 /* Products */ = {
			isa = PBXGroup;
			children = (
				0E04FEA225DE8F2C004067C7 /* tm_ios_library.app */,
				0E04FEB825DE8F2E004067C7 /* tm_ios_libraryTests.xctest */,
				0E04FEC325DE8F2E004067C7 /* tm_ios_libraryUITests.xctest */,
			);
			name = Products;
			sourceTree = "<group>";
		};
		0E04FEA425DE8F2C004067C7 /* tm_ios_library */ = {
			isa = PBXGroup;
			children = (
				0E97B05A262AA2A0008E5939 /* App */,
				0EC0FEF02619B3C80011B8AD /* UI */,
				0E256CCB26273A2A00847BF6 /* Extension */,
				0E97B059262AA292008E5939 /* Test */,
				0E04FEE725DE8FBB004067C7 /* Const.swift */,
				0E04FEA525DE8F2C004067C7 /* AppDelegate.swift */,
				0E04FEA725DE8F2C004067C7 /* SceneDelegate.swift */,
				0E04FEAE25DE8F2D004067C7 /* Assets.xcassets */,
				0E04FEB025DE8F2D004067C7 /* LaunchScreen.storyboard */,
				0E04FEB325DE8F2D004067C7 /* Info.plist */,
			);
			path = tm_ios_library;
			sourceTree = "<group>";
		};
		0E04FEBB25DE8F2E004067C7 /* tm_ios_libraryTests */ = {
			isa = PBXGroup;
			children = (
				0E04FEBC25DE8F2E004067C7 /* tm_ios_libraryTests.swift */,
				0E04FEBE25DE8F2E004067C7 /* Info.plist */,
			);
			path = tm_ios_libraryTests;
			sourceTree = "<group>";
		};
		0E04FEC625DE8F2E004067C7 /* tm_ios_libraryUITests */ = {
			isa = PBXGroup;
			children = (
				0E04FEC725DE8F2E004067C7 /* tm_ios_libraryUITests.swift */,
				0E04FEC925DE8F2E004067C7 /* Info.plist */,
			);
			path = tm_ios_libraryUITests;
			sourceTree = "<group>";
		};
		0E04FEDB25DE8FAE004067C7 /* WeatherApp */ = {
			isa = PBXGroup;
			children = (
				0E04FEDC25DE8FAE004067C7 /* WeatherViewModel.swift */,
				0E04FEDD25DE8FAE004067C7 /* WeatherView.swift */,
				0E04FEDE25DE8FAE004067C7 /* WeatherService.swift */,
				0E04FEDF25DE8FAE004067C7 /* Weather.swift */,
			);
			path = WeatherApp;
			sourceTree = "<group>";
		};
		0E23A47426215E9D00CEEA01 /* FlexibleHeightImageView */ = {
			isa = PBXGroup;
			children = (
				0E23A47526215EE700CEEA01 /* SampleFlexibleHeightImageViewController.swift */,
				0E23A48026215F2D00CEEA01 /* FlexibleHeightImageView.swift */,
				0E23A485262171BD00CEEA01 /* SampleFlexibleHeightImageViewController.storyboard */,
			);
			path = FlexibleHeightImageView;
			sourceTree = "<group>";
		};
		0E256CBD2627386600847BF6 /* FAB */ = {
			isa = PBXGroup;
			children = (
				0ECD13EF265B6F920011E2D9 /* SimpleFloatingActionButton */,
				0E256CBE2627388B00847BF6 /* SampleFABViewController.swift */,
				0E2758FE262BFFD0000DF85F /* SampleSUSimpleFloatingActionButton.swift */,
			);
			path = FAB;
			sourceTree = "<group>";
		};
		0E256CCB26273A2A00847BF6 /* Extension */ = {
			isa = PBXGroup;
			children = (
				0E27590F262C09AA000DF85F /* SwiftUI */,
				0E27590E262C0994000DF85F /* UIKit */,
			);
			path = Extension;
			sourceTree = "<group>";
		};
		0E27590E262C0994000DF85F /* UIKit */ = {
			isa = PBXGroup;
			children = (
				0E256CCC26273A6000847BF6 /* UIColor.swift */,
			);
			path = UIKit;
			sourceTree = "<group>";
		};
		0E27590F262C09AA000DF85F /* SwiftUI */ = {
			isa = PBXGroup;
			children = (
				0E275905262C0890000DF85F /* SUColor.swift */,
			);
			path = SwiftUI;
			sourceTree = "<group>";
		};
		0E422C3B25EE6C430039D45A /* Crop */ = {
			isa = PBXGroup;
			children = (
				0E422C3025ED010E0039D45A /* DisplayViewController.swift */,
				0E422C2B25ECDE6D0039D45A /* CropAreaView.swift */,
				0E422C1825ECA62D0039D45A /* TestCropViewController.storyboard */,
				0E422C1D25ECBD200039D45A /* TestCropViewController.swift */,
			);
			path = Crop;
			sourceTree = "<group>";
		};
		0E422C3F25EE6C750039D45A /* PhotoPick */ = {
			isa = PBXGroup;
			children = (
				0EADCA1A25E541E40086F707 /* TestHelper.swift */,
				0EADC99825E250790086F707 /* TestPhotoPickerConfig.swift */,
				0EAE6D8225E22BA5002DD870 /* PhotoDataSource.swift */,
				0E8A0B1925E219FA007A5523 /* TestImagesViewController.swift */,
				0EAE6D7D25E221A4002DD870 /* TestPhotoPickerImageCollectionViewCell.swift */,
				0E8A0B1E25E21A20007A5523 /* TestImagesViewController.storyboard */,
				0EAE6D7825E21FA5002DD870 /* TestPhotoPickerImageCollectionViewLayout.swift */,
				0EE554E825EFC24B00644631 /* ImagePickerCollectionViewCell.swift */,
				0EE554ED25F10DF000644631 /* ImagePickerPhotoAsset.swift */,
			);
			path = PhotoPick;
			sourceTree = "<group>";
		};
		0E422C4025EE6D3E0039D45A /* Old */ = {
			isa = PBXGroup;
			children = (
				0E422C0D25EBB4610039D45A /* TestScrollView.swift */,
				0E8A0B1425E14613007A5523 /* SecondViewController.swift */,
				0E422C2525ECC5EC0039D45A /* ImageCropHndler.swift */,
			);
			path = Old;
			sourceTree = "<group>";
		};
		0E8A0AF825E13A61007A5523 /* ImagePickerTest */ = {
			isa = PBXGroup;
			children = (
				0E8A0AFC25E13A92007A5523 /* TestImagePickerViewController.swift */,
				0E422C3F25EE6C750039D45A /* PhotoPick */,
				0E422C3B25EE6C430039D45A /* Crop */,
				0E422C3625EE6BB50039D45A /* ImagePickerViewController.swift */,
				0E422C4025EE6D3E0039D45A /* Old */,
			);
			path = ImagePickerTest;
			sourceTree = "<group>";
		};
		0E97B058262AA263008E5939 /* ImageView */ = {
			isa = PBXGroup;
			children = (
				0E23A47426215E9D00CEEA01 /* FlexibleHeightImageView */,
			);
			path = ImageView;
			sourceTree = "<group>";
		};
		0E97B059262AA292008E5939 /* Test */ = {
			isa = PBXGroup;
			children = (
				0E8A0AF825E13A61007A5523 /* ImagePickerTest */,
			);
			path = Test;
			sourceTree = "<group>";
		};
		0E97B05A262AA2A0008E5939 /* App */ = {
			isa = PBXGroup;
			children = (
				0E04FEDB25DE8FAE004067C7 /* WeatherApp */,
			);
			path = App;
			sourceTree = "<group>";
		};
		0EC0FEF02619B3C80011B8AD /* UI */ = {
			isa = PBXGroup;
			children = (
				0E97B058262AA263008E5939 /* ImageView */,
				0E256CBD2627386600847BF6 /* FAB */,
				0EC0FEF12619B3DC0011B8AD /* TextView */,
			);
			path = UI;
			sourceTree = "<group>";
		};
		0EC0FEF12619B3DC0011B8AD /* TextView */ = {
			isa = PBXGroup;
			children = (
				0EC0FEF22619B3FB0011B8AD /* PlaceholderTextview.swift */,
				0EC0FEFA2619DC220011B8AD /* SamplePlaceholderTextViewViewController.swift */,
				0EC0FEFF2619DC7C0011B8AD /* SamplePlaceholderTextViewViewController.storyboard */,
			);
			path = TextView;
			sourceTree = "<group>";
		};
		0ECD13EF265B6F920011E2D9 /* SimpleFloatingActionButton */ = {
			isa = PBXGroup;
			children = (
				0ECD13F0265B6FB80011E2D9 /* SimpleFloatingActionButtonDelegate.swift */,
				0E256CC6262738F300847BF6 /* SimpleFloatingActionButton.swift */,
				0ECD13F2265B71FC0011E2D9 /* SimpleFloatingActionButtonItem.swift */,
			);
			path = SimpleFloatingActionButton;
			sourceTree = "<group>";
		};
		1AE885819A4EA9609A146F59 /* Pods */ = {
			isa = PBXGroup;
			children = (
				1FFE071F4DB52BD178063214 /* Pods-tm_ios_library.debug.xcconfig */,
				E3B0CC39664809CC896AE258 /* Pods-tm_ios_library.release.xcconfig */,
				8B5FC12A4880B624481E73D7 /* Pods-tm_ios_library-tm_ios_libraryUITests.debug.xcconfig */,
				15515A21EF74C2413D44DF69 /* Pods-tm_ios_library-tm_ios_libraryUITests.release.xcconfig */,
				ACA9460C3FA2DE9C75633EA8 /* Pods-tm_ios_libraryTests.debug.xcconfig */,
				376B6182998462F91C0FAC16 /* Pods-tm_ios_libraryTests.release.xcconfig */,
			);
			path = Pods;
			sourceTree = "<group>";
		};
		3711F63D8D6969742A80AB18 /* Frameworks */ = {
			isa = PBXGroup;
			children = (
				12E79107BB12DC27BE36C125 /* Pods_tm_ios_library.framework */,
				99A8DD53E58EDF971B52F652 /* Pods_tm_ios_library_tm_ios_libraryUITests.framework */,
				5C2D9E22BBC35A661EFB7532 /* Pods_tm_ios_libraryTests.framework */,
			);
			name = Frameworks;
			sourceTree = "<group>";
		};
/* End PBXGroup section */

/* Begin PBXNativeTarget section */
		0E04FEA125DE8F2C004067C7 /* tm_ios_library */ = {
			isa = PBXNativeTarget;
			buildConfigurationList = 0E04FECC25DE8F2E004067C7 /* Build configuration list for PBXNativeTarget "tm_ios_library" */;
			buildPhases = (
				87AD08BB7E117D6233834955 /* [CP] Check Pods Manifest.lock */,
				0E04FE9E25DE8F2C004067C7 /* Sources */,
				0E04FE9F25DE8F2C004067C7 /* Frameworks */,
				0E04FEA025DE8F2C004067C7 /* Resources */,
				49F65E9087388A0E0A7AB510 /* [CP] Embed Pods Frameworks */,
			);
			buildRules = (
			);
			dependencies = (
			);
			name = tm_ios_library;
			productName = tm_ios_library;
			productReference = 0E04FEA225DE8F2C004067C7 /* tm_ios_library.app */;
			productType = "com.apple.product-type.application";
		};
		0E04FEB725DE8F2E004067C7 /* tm_ios_libraryTests */ = {
			isa = PBXNativeTarget;
			buildConfigurationList = 0E04FECF25DE8F2E004067C7 /* Build configuration list for PBXNativeTarget "tm_ios_libraryTests" */;
			buildPhases = (
				C16F482584D30C1CBA1A0CCB /* [CP] Check Pods Manifest.lock */,
				0E04FEB425DE8F2E004067C7 /* Sources */,
				0E04FEB525DE8F2E004067C7 /* Frameworks */,
				0E04FEB625DE8F2E004067C7 /* Resources */,
			);
			buildRules = (
			);
			dependencies = (
				0E04FEBA25DE8F2E004067C7 /* PBXTargetDependency */,
			);
			name = tm_ios_libraryTests;
			productName = tm_ios_libraryTests;
			productReference = 0E04FEB825DE8F2E004067C7 /* tm_ios_libraryTests.xctest */;
			productType = "com.apple.product-type.bundle.unit-test";
		};
		0E04FEC225DE8F2E004067C7 /* tm_ios_libraryUITests */ = {
			isa = PBXNativeTarget;
			buildConfigurationList = 0E04FED225DE8F2E004067C7 /* Build configuration list for PBXNativeTarget "tm_ios_libraryUITests" */;
			buildPhases = (
				AD4688BBE3B031102F8B5AA8 /* [CP] Check Pods Manifest.lock */,
				0E04FEBF25DE8F2E004067C7 /* Sources */,
				0E04FEC025DE8F2E004067C7 /* Frameworks */,
				0E04FEC125DE8F2E004067C7 /* Resources */,
				A96E8F159BFC3B932751CC50 /* [CP] Embed Pods Frameworks */,
			);
			buildRules = (
			);
			dependencies = (
				0E04FEC525DE8F2E004067C7 /* PBXTargetDependency */,
			);
			name = tm_ios_libraryUITests;
			productName = tm_ios_libraryUITests;
			productReference = 0E04FEC325DE8F2E004067C7 /* tm_ios_libraryUITests.xctest */;
			productType = "com.apple.product-type.bundle.ui-testing";
		};
/* End PBXNativeTarget section */

/* Begin PBXProject section */
		0E04FE9A25DE8F2C004067C7 /* Project object */ = {
			isa = PBXProject;
			attributes = {
				LastSwiftUpdateCheck = 1240;
				LastUpgradeCheck = 1240;
				TargetAttributes = {
					0E04FEA125DE8F2C004067C7 = {
						CreatedOnToolsVersion = 12.4;
					};
					0E04FEB725DE8F2E004067C7 = {
						CreatedOnToolsVersion = 12.4;
						TestTargetID = 0E04FEA125DE8F2C004067C7;
					};
					0E04FEC225DE8F2E004067C7 = {
						CreatedOnToolsVersion = 12.4;
						TestTargetID = 0E04FEA125DE8F2C004067C7;
					};
				};
			};
			buildConfigurationList = 0E04FE9D25DE8F2C004067C7 /* Build configuration list for PBXProject "tm_ios_library" */;
			compatibilityVersion = "Xcode 9.3";
			developmentRegion = en;
			hasScannedForEncodings = 0;
			knownRegions = (
				en,
				Base,
			);
			mainGroup = 0E04FE9925DE8F2C004067C7;
			productRefGroup = 0E04FEA325DE8F2C004067C7 /* Products */;
			projectDirPath = "";
			projectRoot = "";
			targets = (
				0E04FEA125DE8F2C004067C7 /* tm_ios_library */,
				0E04FEB725DE8F2E004067C7 /* tm_ios_libraryTests */,
				0E04FEC225DE8F2E004067C7 /* tm_ios_libraryUITests */,
			);
		};
/* End PBXProject section */

/* Begin PBXResourcesBuildPhase section */
		0E04FEA025DE8F2C004067C7 /* Resources */ = {
			isa = PBXResourcesBuildPhase;
			buildActionMask = 2147483647;
			files = (
				0E04FEB225DE8F2D004067C7 /* LaunchScreen.storyboard in Resources */,
				0EC0FF002619DC7C0011B8AD /* SamplePlaceholderTextViewViewController.storyboard in Resources */,
				0E04FEAF25DE8F2D004067C7 /* Assets.xcassets in Resources */,
				0E422C1925ECA62D0039D45A /* TestCropViewController.storyboard in Resources */,
				0E23A486262171BD00CEEA01 /* SampleFlexibleHeightImageViewController.storyboard in Resources */,
				0E8A0B1F25E21A20007A5523 /* TestImagesViewController.storyboard in Resources */,
			);
			runOnlyForDeploymentPostprocessing = 0;
		};
		0E04FEB625DE8F2E004067C7 /* Resources */ = {
			isa = PBXResourcesBuildPhase;
			buildActionMask = 2147483647;
			files = (
			);
			runOnlyForDeploymentPostprocessing = 0;
		};
		0E04FEC125DE8F2E004067C7 /* Resources */ = {
			isa = PBXResourcesBuildPhase;
			buildActionMask = 2147483647;
			files = (
			);
			runOnlyForDeploymentPostprocessing = 0;
		};
/* End PBXResourcesBuildPhase section */

/* Begin PBXShellScriptBuildPhase section */
		49F65E9087388A0E0A7AB510 /* [CP] Embed Pods Frameworks */ = {
			isa = PBXShellScriptBuildPhase;
			buildActionMask = 2147483647;
			files = (
			);
			inputFileListPaths = (
				"${PODS_ROOT}/Target Support Files/Pods-tm_ios_library/Pods-tm_ios_library-frameworks-${CONFIGURATION}-input-files.xcfilelist",
			);
			name = "[CP] Embed Pods Frameworks";
			outputFileListPaths = (
				"${PODS_ROOT}/Target Support Files/Pods-tm_ios_library/Pods-tm_ios_library-frameworks-${CONFIGURATION}-output-files.xcfilelist",
			);
			runOnlyForDeploymentPostprocessing = 0;
			shellPath = /bin/sh;
			shellScript = "\"${PODS_ROOT}/Target Support Files/Pods-tm_ios_library/Pods-tm_ios_library-frameworks.sh\"\n";
			showEnvVarsInLog = 0;
		};
		87AD08BB7E117D6233834955 /* [CP] Check Pods Manifest.lock */ = {
			isa = PBXShellScriptBuildPhase;
			buildActionMask = 2147483647;
			files = (
			);
			inputFileListPaths = (
			);
			inputPaths = (
				"${PODS_PODFILE_DIR_PATH}/Podfile.lock",
				"${PODS_ROOT}/Manifest.lock",
			);
			name = "[CP] Check Pods Manifest.lock";
			outputFileListPaths = (
			);
			outputPaths = (
				"$(DERIVED_FILE_DIR)/Pods-tm_ios_library-checkManifestLockResult.txt",
			);
			runOnlyForDeploymentPostprocessing = 0;
			shellPath = /bin/sh;
			shellScript = "diff \"${PODS_PODFILE_DIR_PATH}/Podfile.lock\" \"${PODS_ROOT}/Manifest.lock\" > /dev/null\nif [ $? != 0 ] ; then\n    # print error to STDERR\n    echo \"error: The sandbox is not in sync with the Podfile.lock. Run 'pod install' or update your CocoaPods installation.\" >&2\n    exit 1\nfi\n# This output is used by Xcode 'outputs' to avoid re-running this script phase.\necho \"SUCCESS\" > \"${SCRIPT_OUTPUT_FILE_0}\"\n";
			showEnvVarsInLog = 0;
		};
		A96E8F159BFC3B932751CC50 /* [CP] Embed Pods Frameworks */ = {
			isa = PBXShellScriptBuildPhase;
			buildActionMask = 2147483647;
			files = (
			);
			inputFileListPaths = (
				"${PODS_ROOT}/Target Support Files/Pods-tm_ios_library-tm_ios_libraryUITests/Pods-tm_ios_library-tm_ios_libraryUITests-frameworks-${CONFIGURATION}-input-files.xcfilelist",
			);
			name = "[CP] Embed Pods Frameworks";
			outputFileListPaths = (
				"${PODS_ROOT}/Target Support Files/Pods-tm_ios_library-tm_ios_libraryUITests/Pods-tm_ios_library-tm_ios_libraryUITests-frameworks-${CONFIGURATION}-output-files.xcfilelist",
			);
			runOnlyForDeploymentPostprocessing = 0;
			shellPath = /bin/sh;
			shellScript = "\"${PODS_ROOT}/Target Support Files/Pods-tm_ios_library-tm_ios_libraryUITests/Pods-tm_ios_library-tm_ios_libraryUITests-frameworks.sh\"\n";
			showEnvVarsInLog = 0;
		};
		AD4688BBE3B031102F8B5AA8 /* [CP] Check Pods Manifest.lock */ = {
			isa = PBXShellScriptBuildPhase;
			buildActionMask = 2147483647;
			files = (
			);
			inputFileListPaths = (
			);
			inputPaths = (
				"${PODS_PODFILE_DIR_PATH}/Podfile.lock",
				"${PODS_ROOT}/Manifest.lock",
			);
			name = "[CP] Check Pods Manifest.lock";
			outputFileListPaths = (
			);
			outputPaths = (
				"$(DERIVED_FILE_DIR)/Pods-tm_ios_library-tm_ios_libraryUITests-checkManifestLockResult.txt",
			);
			runOnlyForDeploymentPostprocessing = 0;
			shellPath = /bin/sh;
			shellScript = "diff \"${PODS_PODFILE_DIR_PATH}/Podfile.lock\" \"${PODS_ROOT}/Manifest.lock\" > /dev/null\nif [ $? != 0 ] ; then\n    # print error to STDERR\n    echo \"error: The sandbox is not in sync with the Podfile.lock. Run 'pod install' or update your CocoaPods installation.\" >&2\n    exit 1\nfi\n# This output is used by Xcode 'outputs' to avoid re-running this script phase.\necho \"SUCCESS\" > \"${SCRIPT_OUTPUT_FILE_0}\"\n";
			showEnvVarsInLog = 0;
		};
		C16F482584D30C1CBA1A0CCB /* [CP] Check Pods Manifest.lock */ = {
			isa = PBXShellScriptBuildPhase;
			buildActionMask = 2147483647;
			files = (
			);
			inputFileListPaths = (
			);
			inputPaths = (
				"${PODS_PODFILE_DIR_PATH}/Podfile.lock",
				"${PODS_ROOT}/Manifest.lock",
			);
			name = "[CP] Check Pods Manifest.lock";
			outputFileListPaths = (
			);
			outputPaths = (
				"$(DERIVED_FILE_DIR)/Pods-tm_ios_libraryTests-checkManifestLockResult.txt",
			);
			runOnlyForDeploymentPostprocessing = 0;
			shellPath = /bin/sh;
			shellScript = "diff \"${PODS_PODFILE_DIR_PATH}/Podfile.lock\" \"${PODS_ROOT}/Manifest.lock\" > /dev/null\nif [ $? != 0 ] ; then\n    # print error to STDERR\n    echo \"error: The sandbox is not in sync with the Podfile.lock. Run 'pod install' or update your CocoaPods installation.\" >&2\n    exit 1\nfi\n# This output is used by Xcode 'outputs' to avoid re-running this script phase.\necho \"SUCCESS\" > \"${SCRIPT_OUTPUT_FILE_0}\"\n";
			showEnvVarsInLog = 0;
		};
/* End PBXShellScriptBuildPhase section */

/* Begin PBXSourcesBuildPhase section */
		0E04FE9E25DE8F2C004067C7 /* Sources */ = {
			isa = PBXSourcesBuildPhase;
			buildActionMask = 2147483647;
			files = (
				0E04FEE125DE8FAE004067C7 /* WeatherView.swift in Sources */,
				0E422C3125ED010E0039D45A /* DisplayViewController.swift in Sources */,
				0E04FEE025DE8FAE004067C7 /* WeatherViewModel.swift in Sources */,
				0E8A0B1A25E219FA007A5523 /* TestImagesViewController.swift in Sources */,
				0E23A47626215EE700CEEA01 /* SampleFlexibleHeightImageViewController.swift in Sources */,
				0E04FEA625DE8F2C004067C7 /* AppDelegate.swift in Sources */,
				0E256CBF2627388B00847BF6 /* SampleFABViewController.swift in Sources */,
				0EADC99925E2507A0086F707 /* TestPhotoPickerConfig.swift in Sources */,
				0E8A0B1525E14613007A5523 /* SecondViewController.swift in Sources */,
				0EADCA1B25E541E40086F707 /* TestHelper.swift in Sources */,
				0ECD13F1265B6FB80011E2D9 /* SimpleFloatingActionButtonDelegate.swift in Sources */,
				0E422C2625ECC5EC0039D45A /* ImageCropHndler.swift in Sources */,
				0E04FEE225DE8FAE004067C7 /* WeatherService.swift in Sources */,
				0EE554E925EFC24B00644631 /* ImagePickerCollectionViewCell.swift in Sources */,
				0E04FEE825DE8FBB004067C7 /* Const.swift in Sources */,
				0E422C0E25EBB4610039D45A /* TestScrollView.swift in Sources */,
				0E275906262C0890000DF85F /* SUColor.swift in Sources */,
				0EAE6D7925E21FA5002DD870 /* TestPhotoPickerImageCollectionViewLayout.swift in Sources */,
				0ECD13F3265B71FC0011E2D9 /* SimpleFloatingActionButtonItem.swift in Sources */,
				0E422C2C25ECDE6D0039D45A /* CropAreaView.swift in Sources */,
				0EC0FEFB2619DC220011B8AD /* SamplePlaceholderTextViewViewController.swift in Sources */,
				0E256CC7262738F300847BF6 /* SimpleFloatingActionButton.swift in Sources */,
				0E256CCD26273A6000847BF6 /* UIColor.swift in Sources */,
				0E2758FF262BFFD0000DF85F /* SampleSUSimpleFloatingActionButton.swift in Sources */,
				0E04FEA825DE8F2C004067C7 /* SceneDelegate.swift in Sources */,
				0E422C3725EE6BB50039D45A /* ImagePickerViewController.swift in Sources */,
				0EAE6D7E25E221A4002DD870 /* TestPhotoPickerImageCollectionViewCell.swift in Sources */,
				0E422C1E25ECBD200039D45A /* TestCropViewController.swift in Sources */,
				0E8A0AFD25E13A92007A5523 /* TestImagePickerViewController.swift in Sources */,
				0E23A48126215F2D00CEEA01 /* FlexibleHeightImageView.swift in Sources */,
				0EAE6D8325E22BA5002DD870 /* PhotoDataSource.swift in Sources */,
				0EE554EE25F10DF000644631 /* ImagePickerPhotoAsset.swift in Sources */,
				0E04FEE325DE8FAE004067C7 /* Weather.swift in Sources */,
				0EC0FEF32619B3FB0011B8AD /* PlaceholderTextview.swift in Sources */,
			);
			runOnlyForDeploymentPostprocessing = 0;
		};
		0E04FEB425DE8F2E004067C7 /* Sources */ = {
			isa = PBXSourcesBuildPhase;
			buildActionMask = 2147483647;
			files = (
				0E04FEBD25DE8F2E004067C7 /* tm_ios_libraryTests.swift in Sources */,
				0E275907262C0890000DF85F /* SUColor.swift in Sources */,
				0E275900262BFFD0000DF85F /* SampleSUSimpleFloatingActionButton.swift in Sources */,
			);
			runOnlyForDeploymentPostprocessing = 0;
		};
		0E04FEBF25DE8F2E004067C7 /* Sources */ = {
			isa = PBXSourcesBuildPhase;
			buildActionMask = 2147483647;
			files = (
				0E04FEC825DE8F2E004067C7 /* tm_ios_libraryUITests.swift in Sources */,
				0E275908262C0890000DF85F /* SUColor.swift in Sources */,
				0E275901262BFFD0000DF85F /* SampleSUSimpleFloatingActionButton.swift in Sources */,
			);
			runOnlyForDeploymentPostprocessing = 0;
		};
/* End PBXSourcesBuildPhase section */

/* Begin PBXTargetDependency section */
		0E04FEBA25DE8F2E004067C7 /* PBXTargetDependency */ = {
			isa = PBXTargetDependency;
			target = 0E04FEA125DE8F2C004067C7 /* tm_ios_library */;
			targetProxy = 0E04FEB925DE8F2E004067C7 /* PBXContainerItemProxy */;
		};
		0E04FEC525DE8F2E004067C7 /* PBXTargetDependency */ = {
			isa = PBXTargetDependency;
			target = 0E04FEA125DE8F2C004067C7 /* tm_ios_library */;
			targetProxy = 0E04FEC425DE8F2E004067C7 /* PBXContainerItemProxy */;
		};
/* End PBXTargetDependency section */

/* Begin PBXVariantGroup section */
		0E04FEB025DE8F2D004067C7 /* LaunchScreen.storyboard */ = {
			isa = PBXVariantGroup;
			children = (
				0E04FEB125DE8F2D004067C7 /* Base */,
			);
			name = LaunchScreen.storyboard;
			sourceTree = "<group>";
		};
/* End PBXVariantGroup section */

/* Begin XCBuildConfiguration section */
		0E04FECA25DE8F2E004067C7 /* Debug */ = {
			isa = XCBuildConfiguration;
			buildSettings = {
				ALWAYS_SEARCH_USER_PATHS = NO;
				CLANG_ANALYZER_NONNULL = YES;
				CLANG_ANALYZER_NUMBER_OBJECT_CONVERSION = YES_AGGRESSIVE;
				CLANG_CXX_LANGUAGE_STANDARD = "gnu++14";
				CLANG_CXX_LIBRARY = "libc++";
				CLANG_ENABLE_MODULES = YES;
				CLANG_ENABLE_OBJC_ARC = YES;
				CLANG_ENABLE_OBJC_WEAK = YES;
				CLANG_WARN_BLOCK_CAPTURE_AUTORELEASING = YES;
				CLANG_WARN_BOOL_CONVERSION = YES;
				CLANG_WARN_COMMA = YES;
				CLANG_WARN_CONSTANT_CONVERSION = YES;
				CLANG_WARN_DEPRECATED_OBJC_IMPLEMENTATIONS = YES;
				CLANG_WARN_DIRECT_OBJC_ISA_USAGE = YES_ERROR;
				CLANG_WARN_DOCUMENTATION_COMMENTS = YES;
				CLANG_WARN_EMPTY_BODY = YES;
				CLANG_WARN_ENUM_CONVERSION = YES;
				CLANG_WARN_INFINITE_RECURSION = YES;
				CLANG_WARN_INT_CONVERSION = YES;
				CLANG_WARN_NON_LITERAL_NULL_CONVERSION = YES;
				CLANG_WARN_OBJC_IMPLICIT_RETAIN_SELF = YES;
				CLANG_WARN_OBJC_LITERAL_CONVERSION = YES;
				CLANG_WARN_OBJC_ROOT_CLASS = YES_ERROR;
				CLANG_WARN_QUOTED_INCLUDE_IN_FRAMEWORK_HEADER = YES;
				CLANG_WARN_RANGE_LOOP_ANALYSIS = YES;
				CLANG_WARN_STRICT_PROTOTYPES = YES;
				CLANG_WARN_SUSPICIOUS_MOVE = YES;
				CLANG_WARN_UNGUARDED_AVAILABILITY = YES_AGGRESSIVE;
				CLANG_WARN_UNREACHABLE_CODE = YES;
				CLANG_WARN__DUPLICATE_METHOD_MATCH = YES;
				COPY_PHASE_STRIP = NO;
				DEBUG_INFORMATION_FORMAT = dwarf;
				ENABLE_STRICT_OBJC_MSGSEND = YES;
				ENABLE_TESTABILITY = YES;
				GCC_C_LANGUAGE_STANDARD = gnu11;
				GCC_DYNAMIC_NO_PIC = NO;
				GCC_NO_COMMON_BLOCKS = YES;
				GCC_OPTIMIZATION_LEVEL = 0;
				GCC_PREPROCESSOR_DEFINITIONS = (
					"DEBUG=1",
					"$(inherited)",
				);
				GCC_WARN_64_TO_32_BIT_CONVERSION = YES;
				GCC_WARN_ABOUT_RETURN_TYPE = YES_ERROR;
				GCC_WARN_UNDECLARED_SELECTOR = YES;
				GCC_WARN_UNINITIALIZED_AUTOS = YES_AGGRESSIVE;
				GCC_WARN_UNUSED_FUNCTION = YES;
				GCC_WARN_UNUSED_VARIABLE = YES;
				IPHONEOS_DEPLOYMENT_TARGET = 13.0;
				MTL_ENABLE_DEBUG_INFO = INCLUDE_SOURCE;
				MTL_FAST_MATH = YES;
				ONLY_ACTIVE_ARCH = YES;
				SDKROOT = iphoneos;
				SWIFT_ACTIVE_COMPILATION_CONDITIONS = DEBUG;
				SWIFT_OPTIMIZATION_LEVEL = "-Onone";
			};
			name = Debug;
		};
		0E04FECB25DE8F2E004067C7 /* Release */ = {
			isa = XCBuildConfiguration;
			buildSettings = {
				ALWAYS_SEARCH_USER_PATHS = NO;
				CLANG_ANALYZER_NONNULL = YES;
				CLANG_ANALYZER_NUMBER_OBJECT_CONVERSION = YES_AGGRESSIVE;
				CLANG_CXX_LANGUAGE_STANDARD = "gnu++14";
				CLANG_CXX_LIBRARY = "libc++";
				CLANG_ENABLE_MODULES = YES;
				CLANG_ENABLE_OBJC_ARC = YES;
				CLANG_ENABLE_OBJC_WEAK = YES;
				CLANG_WARN_BLOCK_CAPTURE_AUTORELEASING = YES;
				CLANG_WARN_BOOL_CONVERSION = YES;
				CLANG_WARN_COMMA = YES;
				CLANG_WARN_CONSTANT_CONVERSION = YES;
				CLANG_WARN_DEPRECATED_OBJC_IMPLEMENTATIONS = YES;
				CLANG_WARN_DIRECT_OBJC_ISA_USAGE = YES_ERROR;
				CLANG_WARN_DOCUMENTATION_COMMENTS = YES;
				CLANG_WARN_EMPTY_BODY = YES;
				CLANG_WARN_ENUM_CONVERSION = YES;
				CLANG_WARN_INFINITE_RECURSION = YES;
				CLANG_WARN_INT_CONVERSION = YES;
				CLANG_WARN_NON_LITERAL_NULL_CONVERSION = YES;
				CLANG_WARN_OBJC_IMPLICIT_RETAIN_SELF = YES;
				CLANG_WARN_OBJC_LITERAL_CONVERSION = YES;
				CLANG_WARN_OBJC_ROOT_CLASS = YES_ERROR;
				CLANG_WARN_QUOTED_INCLUDE_IN_FRAMEWORK_HEADER = YES;
				CLANG_WARN_RANGE_LOOP_ANALYSIS = YES;
				CLANG_WARN_STRICT_PROTOTYPES = YES;
				CLANG_WARN_SUSPICIOUS_MOVE = YES;
				CLANG_WARN_UNGUARDED_AVAILABILITY = YES_AGGRESSIVE;
				CLANG_WARN_UNREACHABLE_CODE = YES;
				CLANG_WARN__DUPLICATE_METHOD_MATCH = YES;
				COPY_PHASE_STRIP = NO;
				DEBUG_INFORMATION_FORMAT = "dwarf-with-dsym";
				ENABLE_NS_ASSERTIONS = NO;
				ENABLE_STRICT_OBJC_MSGSEND = YES;
				GCC_C_LANGUAGE_STANDARD = gnu11;
				GCC_NO_COMMON_BLOCKS = YES;
				GCC_WARN_64_TO_32_BIT_CONVERSION = YES;
				GCC_WARN_ABOUT_RETURN_TYPE = YES_ERROR;
				GCC_WARN_UNDECLARED_SELECTOR = YES;
				GCC_WARN_UNINITIALIZED_AUTOS = YES_AGGRESSIVE;
				GCC_WARN_UNUSED_FUNCTION = YES;
				GCC_WARN_UNUSED_VARIABLE = YES;
				IPHONEOS_DEPLOYMENT_TARGET = 13.0;
				MTL_ENABLE_DEBUG_INFO = NO;
				MTL_FAST_MATH = YES;
				SDKROOT = iphoneos;
				SWIFT_COMPILATION_MODE = wholemodule;
				SWIFT_OPTIMIZATION_LEVEL = "-O";
				VALIDATE_PRODUCT = YES;
			};
			name = Release;
		};
		0E04FECD25DE8F2E004067C7 /* Debug */ = {
			isa = XCBuildConfiguration;
			baseConfigurationReference = 1FFE071F4DB52BD178063214 /* Pods-tm_ios_library.debug.xcconfig */;
			buildSettings = {
				ALWAYS_EMBED_SWIFT_STANDARD_LIBRARIES = "$(inherited)";
				ASSETCATALOG_COMPILER_APPICON_NAME = AppIcon;
				ASSETCATALOG_COMPILER_GLOBAL_ACCENT_COLOR_NAME = AccentColor;
				CODE_SIGN_STYLE = Automatic;
				DEVELOPMENT_TEAM = MSDQFFFB37;
				INFOPLIST_FILE = tm_ios_library/Info.plist;
				LD_RUNPATH_SEARCH_PATHS = (
					"$(inherited)",
					"@executable_path/Frameworks",
				);
				PRODUCT_BUNDLE_IDENTIFIER = "com.tatsunori.morita.tm-ios-library";
				PRODUCT_NAME = "$(TARGET_NAME)";
				SWIFT_VERSION = 5.0;
				TARGETED_DEVICE_FAMILY = "1,2";
			};
			name = Debug;
		};
		0E04FECE25DE8F2E004067C7 /* Release */ = {
			isa = XCBuildConfiguration;
			baseConfigurationReference = E3B0CC39664809CC896AE258 /* Pods-tm_ios_library.release.xcconfig */;
			buildSettings = {
				ALWAYS_EMBED_SWIFT_STANDARD_LIBRARIES = "$(inherited)";
				ASSETCATALOG_COMPILER_APPICON_NAME = AppIcon;
				ASSETCATALOG_COMPILER_GLOBAL_ACCENT_COLOR_NAME = AccentColor;
				CODE_SIGN_STYLE = Automatic;
				DEVELOPMENT_TEAM = MSDQFFFB37;
				INFOPLIST_FILE = tm_ios_library/Info.plist;
				LD_RUNPATH_SEARCH_PATHS = (
					"$(inherited)",
					"@executable_path/Frameworks",
				);
				PRODUCT_BUNDLE_IDENTIFIER = "com.tatsunori.morita.tm-ios-library";
				PRODUCT_NAME = "$(TARGET_NAME)";
				SWIFT_VERSION = 5.0;
				TARGETED_DEVICE_FAMILY = "1,2";
			};
			name = Release;
		};
		0E04FED025DE8F2E004067C7 /* Debug */ = {
			isa = XCBuildConfiguration;
			baseConfigurationReference = ACA9460C3FA2DE9C75633EA8 /* Pods-tm_ios_libraryTests.debug.xcconfig */;
			buildSettings = {
				ALWAYS_EMBED_SWIFT_STANDARD_LIBRARIES = "$(inherited)";
				BUNDLE_LOADER = "$(TEST_HOST)";
				CODE_SIGN_STYLE = Automatic;
				DEVELOPMENT_TEAM = MSDQFFFB37;
				INFOPLIST_FILE = tm_ios_libraryTests/Info.plist;
				IPHONEOS_DEPLOYMENT_TARGET = 14.4;
				LD_RUNPATH_SEARCH_PATHS = (
					"$(inherited)",
					"@executable_path/Frameworks",
					"@loader_path/Frameworks",
				);
				PRODUCT_BUNDLE_IDENTIFIER = "com.tatsunori.morita.tm-ios-libraryTests";
				PRODUCT_NAME = "$(TARGET_NAME)";
				SWIFT_VERSION = 5.0;
				TARGETED_DEVICE_FAMILY = "1,2";
				TEST_HOST = "$(BUILT_PRODUCTS_DIR)/tm_ios_library.app/tm_ios_library";
			};
			name = Debug;
		};
		0E04FED125DE8F2E004067C7 /* Release */ = {
			isa = XCBuildConfiguration;
			baseConfigurationReference = 376B6182998462F91C0FAC16 /* Pods-tm_ios_libraryTests.release.xcconfig */;
			buildSettings = {
				ALWAYS_EMBED_SWIFT_STANDARD_LIBRARIES = "$(inherited)";
				BUNDLE_LOADER = "$(TEST_HOST)";
				CODE_SIGN_STYLE = Automatic;
				DEVELOPMENT_TEAM = MSDQFFFB37;
				INFOPLIST_FILE = tm_ios_libraryTests/Info.plist;
				IPHONEOS_DEPLOYMENT_TARGET = 14.4;
				LD_RUNPATH_SEARCH_PATHS = (
					"$(inherited)",
					"@executable_path/Frameworks",
					"@loader_path/Frameworks",
				);
				PRODUCT_BUNDLE_IDENTIFIER = "com.tatsunori.morita.tm-ios-libraryTests";
				PRODUCT_NAME = "$(TARGET_NAME)";
				SWIFT_VERSION = 5.0;
				TARGETED_DEVICE_FAMILY = "1,2";
				TEST_HOST = "$(BUILT_PRODUCTS_DIR)/tm_ios_library.app/tm_ios_library";
			};
			name = Release;
		};
		0E04FED325DE8F2E004067C7 /* Debug */ = {
			isa = XCBuildConfiguration;
			baseConfigurationReference = 8B5FC12A4880B624481E73D7 /* Pods-tm_ios_library-tm_ios_libraryUITests.debug.xcconfig */;
			buildSettings = {
				ALWAYS_EMBED_SWIFT_STANDARD_LIBRARIES = "$(inherited)";
				CODE_SIGN_STYLE = Automatic;
				DEVELOPMENT_TEAM = MSDQFFFB37;
				INFOPLIST_FILE = tm_ios_libraryUITests/Info.plist;
				LD_RUNPATH_SEARCH_PATHS = (
					"$(inherited)",
					"@executable_path/Frameworks",
					"@loader_path/Frameworks",
				);
				PRODUCT_BUNDLE_IDENTIFIER = "com.tatsunori.morita.tm-ios-libraryUITests";
				PRODUCT_NAME = "$(TARGET_NAME)";
				SWIFT_VERSION = 5.0;
				TARGETED_DEVICE_FAMILY = "1,2";
				TEST_TARGET_NAME = tm_ios_library;
			};
			name = Debug;
		};
		0E04FED425DE8F2E004067C7 /* Release */ = {
			isa = XCBuildConfiguration;
			baseConfigurationReference = 15515A21EF74C2413D44DF69 /* Pods-tm_ios_library-tm_ios_libraryUITests.release.xcconfig */;
			buildSettings = {
				ALWAYS_EMBED_SWIFT_STANDARD_LIBRARIES = "$(inherited)";
				CODE_SIGN_STYLE = Automatic;
				DEVELOPMENT_TEAM = MSDQFFFB37;
				INFOPLIST_FILE = tm_ios_libraryUITests/Info.plist;
				LD_RUNPATH_SEARCH_PATHS = (
					"$(inherited)",
					"@executable_path/Frameworks",
					"@loader_path/Frameworks",
				);
				PRODUCT_BUNDLE_IDENTIFIER = "com.tatsunori.morita.tm-ios-libraryUITests";
				PRODUCT_NAME = "$(TARGET_NAME)";
				SWIFT_VERSION = 5.0;
				TARGETED_DEVICE_FAMILY = "1,2";
				TEST_TARGET_NAME = tm_ios_library;
			};
			name = Release;
		};
/* End XCBuildConfiguration section */

/* Begin XCConfigurationList section */
		0E04FE9D25DE8F2C004067C7 /* Build configuration list for PBXProject "tm_ios_library" */ = {
			isa = XCConfigurationList;
			buildConfigurations = (
				0E04FECA25DE8F2E004067C7 /* Debug */,
				0E04FECB25DE8F2E004067C7 /* Release */,
			);
			defaultConfigurationIsVisible = 0;
			defaultConfigurationName = Release;
		};
		0E04FECC25DE8F2E004067C7 /* Build configuration list for PBXNativeTarget "tm_ios_library" */ = {
			isa = XCConfigurationList;
			buildConfigurations = (
				0E04FECD25DE8F2E004067C7 /* Debug */,
				0E04FECE25DE8F2E004067C7 /* Release */,
			);
			defaultConfigurationIsVisible = 0;
			defaultConfigurationName = Release;
		};
		0E04FECF25DE8F2E004067C7 /* Build configuration list for PBXNativeTarget "tm_ios_libraryTests" */ = {
			isa = XCConfigurationList;
			buildConfigurations = (
				0E04FED025DE8F2E004067C7 /* Debug */,
				0E04FED125DE8F2E004067C7 /* Release */,
			);
			defaultConfigurationIsVisible = 0;
			defaultConfigurationName = Release;
		};
		0E04FED225DE8F2E004067C7 /* Build configuration list for PBXNativeTarget "tm_ios_libraryUITests" */ = {
			isa = XCConfigurationList;
			buildConfigurations = (
				0E04FED325DE8F2E004067C7 /* Debug */,
				0E04FED425DE8F2E004067C7 /* Release */,
			);
			defaultConfigurationIsVisible = 0;
			defaultConfigurationName = Release;
		};
/* End XCConfigurationList section */
	};
	rootObject = 0E04FE9A25DE8F2C004067C7 /* Project object */;
}
